
Microsoft Visual Studio Solution File, Format Version 12.00
# Visual Studio 15
VisualStudioVersion = 15.0.26124.0
MinimumVisualStudioVersion = 15.0.26124.0
Project("{2150E333-8FDC-42A3-9474-1A3956D46DE8}") = "src", "src", "{D360E392-553E-492A-9133-9375B3558746}"
EndProject
Project("{FAE04EC0-301F-11D3-BF4B-00C04F79EFBC}") = "Result", "src\Result\Result.csproj", "{1DF87CEE-AB24-4776-AB42-78381DF1C38B}"
EndProject
Project("{2150E333-8FDC-42A3-9474-1A3956D46DE8}") = "test", "test", "{9E8927EB-BD37-4CFC-AC33-5A44594695F3}"
EndProject
Project("{FAE04EC0-301F-11D3-BF4B-00C04F79EFBC}") = "Result.Test", "test\Result.Test\Result.Test.csproj", "{12ACC271-BEF2-4FF1-85C2-A30A61162E5C}"
EndProject
Global
	GlobalSection(SolutionConfigurationPlatforms) = preSolution
		Debug|Any CPU = Debug|Any CPU
		Debug|x64 = Debug|x64
		Debug|x86 = Debug|x86
		Release|Any CPU = Release|Any CPU
		Release|x64 = Release|x64
		Release|x86 = Release|x86
	EndGlobalSection
	GlobalSection(SolutionProperties) = preSolution
		HideSolutionNode = FALSE
	EndGlobalSection
	GlobalSection(ProjectConfigurationPlatforms) = postSolution
		{1DF87CEE-AB24-4776-AB42-78381DF1C38B}.Debug|Any CPU.ActiveCfg = Debug|Any CPU
		{1DF87CEE-AB24-4776-AB42-78381DF1C38B}.Debug|Any CPU.Build.0 = Debug|Any CPU
		{1DF87CEE-AB24-4776-AB42-78381DF1C38B}.Debug|x64.ActiveCfg = Debug|Any CPU
		{1DF87CEE-AB24-4776-AB42-78381DF1C38B}.Debug|x64.Build.0 = Debug|Any CPU
		{1DF87CEE-AB24-4776-AB42-78381DF1C38B}.Debug|x86.ActiveCfg = Debug|Any CPU
		{1DF87CEE-AB24-4776-AB42-78381DF1C38B}.Debug|x86.Build.0 = Debug|Any CPU
		{1DF87CEE-AB24-4776-AB42-78381DF1C38B}.Release|Any CPU.ActiveCfg = Release|Any CPU
		{1DF87CEE-AB24-4776-AB42-78381DF1C38B}.Release|Any CPU.Build.0 = Release|Any CPU
		{1DF87CEE-AB24-4776-AB42-78381DF1C38B}.Release|x64.ActiveCfg = Release|Any CPU
		{1DF87CEE-AB24-4776-AB42-78381DF1C38B}.Release|x64.Build.0 = Release|Any CPU
		{1DF87CEE-AB24-4776-AB42-78381DF1C38B}.Release|x86.ActiveCfg = Release|Any CPU
		{1DF87CEE-AB24-4776-AB42-78381DF1C38B}.Release|x86.Build.0 = Release|Any CPU
		{12ACC271-BEF2-4FF1-85C2-A30A61162E5C}.Debug|Any CPU.ActiveCfg = Debug|Any CPU
		{12ACC271-BEF2-4FF1-85C2-A30A61162E5C}.Debug|Any CPU.Build.0 = Debug|Any CPU
		{12ACC271-BEF2-4FF1-85C2-A30A61162E5C}.Debug|x64.ActiveCfg = Debug|Any CPU
		{12ACC271-BEF2-4FF1-85C2-A30A61162E5C}.Debug|x64.Build.0 = Debug|Any CPU
		{12ACC271-BEF2-4FF1-85C2-A30A61162E5C}.Debug|x86.ActiveCfg = Debug|Any CPU
		{12ACC271-BEF2-4FF1-85C2-A30A61162E5C}.Debug|x86.Build.0 = Debug|Any CPU
		{12ACC271-BEF2-4FF1-85C2-A30A61162E5C}.Release|Any CPU.ActiveCfg = Release|Any CPU
		{12ACC271-BEF2-4FF1-85C2-A30A61162E5C}.Release|Any CPU.Build.0 = Release|Any CPU
		{12ACC271-BEF2-4FF1-85C2-A30A61162E5C}.Release|x64.ActiveCfg = Release|Any CPU
		{12ACC271-BEF2-4FF1-85C2-A30A61162E5C}.Release|x64.Build.0 = Release|Any CPU
		{12ACC271-BEF2-4FF1-85C2-A30A61162E5C}.Release|x86.ActiveCfg = Release|Any CPU
		{12ACC271-BEF2-4FF1-85C2-A30A61162E5C}.Release|x86.Build.0 = Release|Any CPU
	EndGlobalSection
	GlobalSection(NestedProjects) = preSolution
		{1DF87CEE-AB24-4776-AB42-78381DF1C38B} = {D360E392-553E-492A-9133-9375B3558746}
		{12ACC271-BEF2-4FF1-85C2-A30A61162E5C} = {9E8927EB-BD37-4CFC-AC33-5A44594695F3}
	EndGlobalSection
EndGlobal
